
Microsoft Visual Studio Solution File, Format Version 12.00
# Visual Studio Version 17
VisualStudioVersion = 17.5.33530.505
MinimumVisualStudioVersion = 10.0.40219.1
Project("{FAE04EC0-301F-11D3-BF4B-00C04F79EFBC}") = "FinalProject", "FinalProject\FinalProject.csproj", "{74183DC1-D3A2-425D-B4B8-C0AF88689CA3}"
EndProject
Global
	GlobalSection(SolutionConfigurationPlatforms) = preSolution
		Debug|Any CPU = Debug|Any CPU
		Release|Any CPU = Release|Any CPU
	EndGlobalSection
	GlobalSection(ProjectConfigurationPlatforms) = postSolution
		{74183DC1-D3A2-425D-B4B8-C0AF88689CA3}.Debug|Any CPU.ActiveCfg = Debug|Any CPU
		{74183DC1-D3A2-425D-B4B8-C0AF88689CA3}.Debug|Any CPU.Build.0 = Debug|Any CPU
		{74183DC1-D3A2-425D-B4B8-C0AF88689CA3}.Release|Any CPU.ActiveCfg = Release|Any CPU
		{74183DC1-D3A2-425D-B4B8-C0AF88689CA3}.Release|Any CPU.Build.0 = Release|Any CPU
	EndGlobalSection
	GlobalSection(SolutionProperties) = preSolution
		HideSolutionNode = FALSE
	EndGlobalSection
	GlobalSection(ExtensibilityGlobals) = postSolution
		SolutionGuid = {83701D3B-42BA-4309-8ADD-CA4E2DCE6A18}
	EndGlobalSection
EndGlobal
